github.com/begmaroman/go-dag v0.0.0-20250122180112-b4fa161b074b h1:ZL6cL7Hvdk6mAoLnAAK8QsrxCEK+lN26U/1snWVvL9s=
github.com/begmaroman/go-dag v0.0.0-20250122180112-b4fa161b074b/go.mod h1:dZ/0Hjl1JqY2jvoy5dLESRtkpFpGrWFkXIPPD76XVXM=
github.com/emirpasic/gods v1.18.1 h1:FXtiHYKDGKCW2KzwZKx0iC0PQmdlorYgdFG9jPXJ1Bc=
github.com/emirpasic/gods v1.18.1/go.mod h1:8tpGGwCnJ5H4r6BWwaV6OrWmMoPhUl5jm/FMNAnJvWQ=
github.com/google/uuid v1.6.0 h1:NIvaJDMOsjHA8n1jAhLSgzrAzy1Hgr+hNrb57e+94F0=
github.com/google/uuid v1.6.0/go.mod h1:TIyPZe4MgqvfeYDBFedMoGGpEw/LqOeaOT+nhxU+yHo=
